
Microsoft Visual Studio Solution File, Format Version 12.00
# Visual Studio 2013
VisualStudioVersion = 12.0.30723.0
MinimumVisualStudioVersion = 10.0.40219.1
Project("{FAE04EC0-301F-11D3-BF4B-00C04F79EFBC}") = "FactoryTestLib", "FactoryTestLib\FactoryTestLib.csproj", "{30DFF7AA-B640-4A37-A65A-CBCDA222BEED}"
EndProject
Project("{FAE04EC0-301F-11D3-BF4B-00C04F79EFBC}") = "FactoryLib", "FactoryLib\FactoryLib.csproj", "{313A8294-09EC-4CEA-92C0-F9595D297CFA}"
EndProject
Global
	GlobalSection(SolutionConfigurationPlatforms) = preSolution
		Debug|Any CPU = Debug|Any CPU
		Release|Any CPU = Release|Any CPU
	EndGlobalSection
	GlobalSection(ProjectConfigurationPlatforms) = postSolution
		{30DFF7AA-B640-4A37-A65A-CBCDA222BEED}.Debug|Any CPU.ActiveCfg = Debug|Any CPU
		{30DFF7AA-B640-4A37-A65A-CBCDA222BEED}.Debug|Any CPU.Build.0 = Debug|Any CPU
		{30DFF7AA-B640-4A37-A65A-CBCDA222BEED}.Release|Any CPU.ActiveCfg = Release|Any CPU
		{30DFF7AA-B640-4A37-A65A-CBCDA222BEED}.Release|Any CPU.Build.0 = Release|Any CPU
		{313A8294-09EC-4CEA-92C0-F9595D297CFA}.Debug|Any CPU.ActiveCfg = Debug|Any CPU
		{313A8294-09EC-4CEA-92C0-F9595D297CFA}.Debug|Any CPU.Build.0 = Debug|Any CPU
		{313A8294-09EC-4CEA-92C0-F9595D297CFA}.Release|Any CPU.ActiveCfg = Release|Any CPU
		{313A8294-09EC-4CEA-92C0-F9595D297CFA}.Release|Any CPU.Build.0 = Release|Any CPU
	EndGlobalSection
	GlobalSection(SolutionProperties) = preSolution
		HideSolutionNode = FALSE
	EndGlobalSection
EndGlobal
